
Microsoft Visual Studio Solution File, Format Version 12.00
# Visual Studio 14
VisualStudioVersion = 14.0.23107.0
MinimumVisualStudioVersion = 10.0.40219.1
Project("{FAE04EC0-301F-11D3-BF4B-00C04F79EFBC}") = "ExtendedProgressRing", "ExtendedProgressRing\ExtendedProgressRing.csproj", "{30CF1F69-869C-4AFD-ACEA-0F5589E5B242}"
EndProject
Project("{2150E333-8FDC-42A3-9474-1A3956D46DE8}") = "ExtendedProgressRingSample", "ExtendedProgressRingSample", "{757CA4AB-836B-47E4-AF4A-0E3AE8912008}"
EndProject
Project("{D954291E-2A0B-460D-934E-DC6B0785DB48}") = "ExtendedProgressRingSample.Shared", "ExtendedProgressRingSample\ExtendedProgressRingSample.Shared\ExtendedProgressRingSample.Shared.shproj", "{586E6927-595F-40E0-B59F-FEBBB747990F}"
EndProject
Project("{FAE04EC0-301F-11D3-BF4B-00C04F79EFBC}") = "ExtendedProgressRingSample.Windows", "ExtendedProgressRingSample\ExtendedProgressRingSample.Windows\ExtendedProgressRingSample.Windows.csproj", "{4B4B7285-E3C3-4C77-A19A-F485E8F2DF8C}"
EndProject
Project("{FAE04EC0-301F-11D3-BF4B-00C04F79EFBC}") = "ExtendedProgressRingSample.WindowsPhone", "ExtendedProgressRingSample\ExtendedProgressRingSample.WindowsPhone\ExtendedProgressRingSample.WindowsPhone.csproj", "{EC8F9250-C90E-418C-854F-6B8C01ED10E3}"
EndProject
Global
	GlobalSection(SharedMSBuildProjectFiles) = preSolution
		ExtendedProgressRingSample\ExtendedProgressRingSample.Shared\ExtendedProgressRingSample.Shared.projitems*{586e6927-595f-40e0-b59f-febbb747990f}*SharedItemsImports = 13
		ExtendedProgressRingSample\ExtendedProgressRingSample.Shared\ExtendedProgressRingSample.Shared.projitems*{ec8f9250-c90e-418c-854f-6b8c01ed10e3}*SharedItemsImports = 4
		ExtendedProgressRingSample\ExtendedProgressRingSample.Shared\ExtendedProgressRingSample.Shared.projitems*{4b4b7285-e3c3-4c77-a19a-f485e8f2df8c}*SharedItemsImports = 4
	EndGlobalSection
	GlobalSection(SolutionConfigurationPlatforms) = preSolution
		Debug|Any CPU = Debug|Any CPU
		Debug|ARM = Debug|ARM
		Debug|x64 = Debug|x64
		Debug|x86 = Debug|x86
		Release|Any CPU = Release|Any CPU
		Release|ARM = Release|ARM
		Release|x64 = Release|x64
		Release|x86 = Release|x86
	EndGlobalSection
	GlobalSection(ProjectConfigurationPlatforms) = postSolution
		{30CF1F69-869C-4AFD-ACEA-0F5589E5B242}.Debug|Any CPU.ActiveCfg = Debug|Any CPU
		{30CF1F69-869C-4AFD-ACEA-0F5589E5B242}.Debug|Any CPU.Build.0 = Debug|Any CPU
		{30CF1F69-869C-4AFD-ACEA-0F5589E5B242}.Debug|ARM.ActiveCfg = Debug|Any CPU
		{30CF1F69-869C-4AFD-ACEA-0F5589E5B242}.Debug|x64.ActiveCfg = Debug|Any CPU
		{30CF1F69-869C-4AFD-ACEA-0F5589E5B242}.Debug|x86.ActiveCfg = Debug|Any CPU
		{30CF1F69-869C-4AFD-ACEA-0F5589E5B242}.Release|Any CPU.ActiveCfg = Release|Any CPU
		{30CF1F69-869C-4AFD-ACEA-0F5589E5B242}.Release|Any CPU.Build.0 = Release|Any CPU
		{30CF1F69-869C-4AFD-ACEA-0F5589E5B242}.Release|ARM.ActiveCfg = Release|Any CPU
		{30CF1F69-869C-4AFD-ACEA-0F5589E5B242}.Release|x64.ActiveCfg = Release|Any CPU
		{30CF1F69-869C-4AFD-ACEA-0F5589E5B242}.Release|x86.ActiveCfg = Release|Any CPU
		{4B4B7285-E3C3-4C77-A19A-F485E8F2DF8C}.Debug|Any CPU.ActiveCfg = Debug|Any CPU
		{4B4B7285-E3C3-4C77-A19A-F485E8F2DF8C}.Debug|Any CPU.Build.0 = Debug|Any CPU
		{4B4B7285-E3C3-4C77-A19A-F485E8F2DF8C}.Debug|Any CPU.Deploy.0 = Debug|Any CPU
		{4B4B7285-E3C3-4C77-A19A-F485E8F2DF8C}.Debug|ARM.ActiveCfg = Debug|ARM
		{4B4B7285-E3C3-4C77-A19A-F485E8F2DF8C}.Debug|ARM.Build.0 = Debug|ARM
		{4B4B7285-E3C3-4C77-A19A-F485E8F2DF8C}.Debug|ARM.Deploy.0 = Debug|ARM
		{4B4B7285-E3C3-4C77-A19A-F485E8F2DF8C}.Debug|x64.ActiveCfg = Debug|x64
		{4B4B7285-E3C3-4C77-A19A-F485E8F2DF8C}.Debug|x64.Build.0 = Debug|x64
		{4B4B7285-E3C3-4C77-A19A-F485E8F2DF8C}.Debug|x64.Deploy.0 = Debug|x64
		{4B4B7285-E3C3-4C77-A19A-F485E8F2DF8C}.Debug|x86.ActiveCfg = Debug|x86
		{4B4B7285-E3C3-4C77-A19A-F485E8F2DF8C}.Debug|x86.Build.0 = Debug|x86
		{4B4B7285-E3C3-4C77-A19A-F485E8F2DF8C}.Debug|x86.Deploy.0 = Debug|x86
		{4B4B7285-E3C3-4C77-A19A-F485E8F2DF8C}.Release|Any CPU.ActiveCfg = Release|Any CPU
		{4B4B7285-E3C3-4C77-A19A-F485E8F2DF8C}.Release|Any CPU.Build.0 = Release|Any CPU
		{4B4B7285-E3C3-4C77-A19A-F485E8F2DF8C}.Release|Any CPU.Deploy.0 = Release|Any CPU
		{4B4B7285-E3C3-4C77-A19A-F485E8F2DF8C}.Release|ARM.ActiveCfg = Release|ARM
		{4B4B7285-E3C3-4C77-A19A-F485E8F2DF8C}.Release|ARM.Build.0 = Release|ARM
		{4B4B7285-E3C3-4C77-A19A-F485E8F2DF8C}.Release|ARM.Deploy.0 = Release|ARM
		{4B4B7285-E3C3-4C77-A19A-F485E8F2DF8C}.Release|x64.ActiveCfg = Release|x64
		{4B4B7285-E3C3-4C77-A19A-F485E8F2DF8C}.Release|x64.Build.0 = Release|x64
		{4B4B7285-E3C3-4C77-A19A-F485E8F2DF8C}.Release|x64.Deploy.0 = Release|x64
		{4B4B7285-E3C3-4C77-A19A-F485E8F2DF8C}.Release|x86.ActiveCfg = Release|x86
		{4B4B7285-E3C3-4C77-A19A-F485E8F2DF8C}.Release|x86.Build.0 = Release|x86
		{4B4B7285-E3C3-4C77-A19A-F485E8F2DF8C}.Release|x86.Deploy.0 = Release|x86
		{EC8F9250-C90E-418C-854F-6B8C01ED10E3}.Debug|Any CPU.ActiveCfg = Debug|Any CPU
		{EC8F9250-C90E-418C-854F-6B8C01ED10E3}.Debug|Any CPU.Build.0 = Debug|Any CPU
		{EC8F9250-C90E-418C-854F-6B8C01ED10E3}.Debug|Any CPU.Deploy.0 = Debug|Any CPU
		{EC8F9250-C90E-418C-854F-6B8C01ED10E3}.Debug|ARM.ActiveCfg = Debug|ARM
		{EC8F9250-C90E-418C-854F-6B8C01ED10E3}.Debug|ARM.Build.0 = Debug|ARM
		{EC8F9250-C90E-418C-854F-6B8C01ED10E3}.Debug|ARM.Deploy.0 = Debug|ARM
		{EC8F9250-C90E-418C-854F-6B8C01ED10E3}.Debug|x64.ActiveCfg = Debug|Any CPU
		{EC8F9250-C90E-418C-854F-6B8C01ED10E3}.Debug|x64.Build.0 = Debug|Any CPU
		{EC8F9250-C90E-418C-854F-6B8C01ED10E3}.Debug|x64.Deploy.0 = Debug|Any CPU
		{EC8F9250-C90E-418C-854F-6B8C01ED10E3}.Debug|x86.ActiveCfg = Debug|x86
		{EC8F9250-C90E-418C-854F-6B8C01ED10E3}.Debug|x86.Build.0 = Debug|x86
		{EC8F9250-C90E-418C-854F-6B8C01ED10E3}.Debug|x86.Deploy.0 = Debug|x86
		{EC8F9250-C90E-418C-854F-6B8C01ED10E3}.Release|Any CPU.ActiveCfg = Release|Any CPU
		{EC8F9250-C90E-418C-854F-6B8C01ED10E3}.Release|Any CPU.Build.0 = Release|Any CPU
		{EC8F9250-C90E-418C-854F-6B8C01ED10E3}.Release|Any CPU.Deploy.0 = Release|Any CPU
		{EC8F9250-C90E-418C-854F-6B8C01ED10E3}.Release|ARM.ActiveCfg = Release|ARM
		{EC8F9250-C90E-418C-854F-6B8C01ED10E3}.Release|ARM.Build.0 = Release|ARM
		{EC8F9250-C90E-418C-854F-6B8C01ED10E3}.Release|ARM.Deploy.0 = Release|ARM
		{EC8F9250-C90E-418C-854F-6B8C01ED10E3}.Release|x64.ActiveCfg = Release|Any CPU
		{EC8F9250-C90E-418C-854F-6B8C01ED10E3}.Release|x64.Build.0 = Release|Any CPU
		{EC8F9250-C90E-418C-854F-6B8C01ED10E3}.Release|x64.Deploy.0 = Release|Any CPU
		{EC8F9250-C90E-418C-854F-6B8C01ED10E3}.Release|x86.ActiveCfg = Release|x86
		{EC8F9250-C90E-418C-854F-6B8C01ED10E3}.Release|x86.Build.0 = Release|x86
		{EC8F9250-C90E-418C-854F-6B8C01ED10E3}.Release|x86.Deploy.0 = Release|x86
	EndGlobalSection
	GlobalSection(SolutionProperties) = preSolution
		HideSolutionNode = FALSE
	EndGlobalSection
	GlobalSection(NestedProjects) = preSolution
		{586E6927-595F-40E0-B59F-FEBBB747990F} = {757CA4AB-836B-47E4-AF4A-0E3AE8912008}
		{4B4B7285-E3C3-4C77-A19A-F485E8F2DF8C} = {757CA4AB-836B-47E4-AF4A-0E3AE8912008}
		{EC8F9250-C90E-418C-854F-6B8C01ED10E3} = {757CA4AB-836B-47E4-AF4A-0E3AE8912008}
	EndGlobalSection
EndGlobal
